lockfileVersion: 5.3

specifiers:
  '@swc-node/register': ^1.4.2
  '@swc/core': ^1.2.143
  '@types/node': ^17.0.18
  prettier: ^2.5.1
  uvu: ^0.5.3

devDependencies:
  '@swc-node/register': 1.4.2
  '@swc/core': 1.2.143
  '@types/node': 17.0.18
  prettier: 2.5.1
  uvu: 0.5.3

packages:

  /@swc-node/core/1.8.2:
    resolution: {integrity: sha512-IoJ7tGHQ6JOMSmFe4VhP64uLmFKMNasS0QEgUrLFQ0h/dTvpQMynnoGBEJoPL6LfsebZ/q4uKqbpWrth6/yrAA==}
    engines: {node: '>= 10'}
    dependencies:
      '@swc/core': 1.2.143
    dev: true

  /@swc-node/register/1.4.2:
    resolution: {integrity: sha512-wLZz0J7BTO//1Eq7e4eBQjKF380Hr2eVemz849msQSKcVM1D7UJUt/dP2TinEVGx++/BXJ/0q37i6n9Iw0EM0w==}
    dependencies:
      '@swc-node/core': 1.8.2
      '@swc-node/sourcemap-support': 0.1.11
      chalk: 4.1.2
      debug: 4.3.3
      pirates: 4.0.5
      tslib: 2.3.1
      typescript: 4.5.5
    transitivePeerDependencies:
      - supports-color
    dev: true

  /@swc-node/sourcemap-support/0.1.11:
    resolution: {integrity: sha512-b+Mn3oQl+7nUSt7hPzIbY9B30YhcFo1PT4kd9P4QmD6raycmIealOAhAdZID/JevphzsOXHQB4OqJm7Yi5tMcA==}
    dependencies:
      source-map-support: 0.5.21
    dev: true

  /@swc/core-android-arm-eabi/1.2.143:
    resolution: {integrity: sha512-OyRhH2NfHRm8jgN6KxpEX5fBg2KaGdocPQgSWzhk9QSnn+juacBXg6lE9lQEb1nekb36XusE51GNiImOnZI9RQ==}
    engines: {node: '>=10'}
    cpu: [arm]
    os: [android]
    requiresBuild: true
    dev: true
    optional: true

  /@swc/core-android-arm64/1.2.143:
    resolution: {integrity: sha512-hMnZcFkoI26n3QakazyNmuMpaIm/pyC1KJXvp49wTaFazbeG0OqxbWvzUIK3vDnXJPuNf1m9c0jXtvQaXbacvQ==}
    engines: {node: '>=10'}
    cpu: [arm64]
    os: [android]
    requiresBuild: true
    dev: true
    optional: true

  /@swc/core-darwin-arm64/1.2.143:
    resolution: {integrity: sha512-Mcd27MvxBCqNJ9HHEu2RH7lY0zcImSP1/3uivJ4eiiAE7WSUdrs9flhryZ7AlOfs0DR7b4fpjJgK0tZyg9K9Yw==}
    engines: {node: '>=10'}
    cpu: [arm64]
    os: [darwin]
    requiresBuild: true
    dev: true
    optional: true

  /@swc/core-darwin-x64/1.2.143:
    resolution: {integrity: sha512-KV8147NuOqU6wCliAF+PmpbUecwUn0GynOUjb44kMbwCsYeH/Pm5FewGvyW9Dr7rnpnoT11pOUAJlcRzRfXrDA==}
    engines: {node: '>=10'}
    cpu: [x64]
    os: [darwin]
    requiresBuild: true
    dev: true
    optional: true

  /@swc/core-freebsd-x64/1.2.143:
    resolution: {integrity: sha512-SU3hOtPqwaCxTO8jajEaNMO8aU0/5JduuRBbv843UzCz9S2on+dTYNkm94TsBxhX+JYN+T9yGi/tynoTjKj1QA==}
    engines: {node: '>=10'}
    cpu: [x64]
    os: [freebsd]
    requiresBuild: true
    dev: true
    optional: true

  /@swc/core-linux-arm-gnueabihf/1.2.143:
    resolution: {integrity: sha512-ZGfb0Fz2jQqrRv3gg0gdzQfkZbqTAC9ac03fXx0KiNFgkAjnWNm0JYRQe0sxa1L5wBml2Sv4aAFIN1BHi6roVA==}
    engines: {node: '>=10'}
    cpu: [arm]
    os: [linux]
    requiresBuild: true
    dev: true
    optional: true

  /@swc/core-linux-arm64-gnu/1.2.143:
    resolution: {integrity: sha512-roLB+QYf7omusDTNfqsAuFWMyeRjXi2Wp1abNh++7YZVhkZ57q1tUNJiqw6KJhaSd5KSQGpBygarDRvL70ZZ4Q==}
    engines: {node: '>=10'}
    cpu: [arm64]
    os: [linux]
    requiresBuild: true
    dev: true
    optional: true

  /@swc/core-linux-arm64-musl/1.2.143:
    resolution: {integrity: sha512-66qRHVh2F4Z0b6G8n9CEKuKwYVIzfTlNHixwoqCgdCbHT5n1lUiWigDel1psCDbrD/p9nWTU0lfVtbqmKJWnPw==}
    engines: {node: '>=10'}
    cpu: [arm64]
    os: [linux]
    requiresBuild: true
    dev: true
    optional: true

  /@swc/core-linux-x64-gnu/1.2.143:
    resolution: {integrity: sha512-FSn9E+uWSyLQtHFpJcj+jNU+NPxrwOMlB+XUObfRcZwRzV6W0KeGLwnwvuhByYmGE7ujvEGCEQpLP95ER88TzQ==}
    engines: {node: '>=10'}
    cpu: [x64]
    os: [linux]
    requiresBuild: true
    dev: true
    optional: true

  /@swc/core-linux-x64-musl/1.2.143:
    resolution: {integrity: sha512-yCD0LkqUVTLz07MD1m5gajfdOobIqUdQ8E0ZarkcCqvd6eLygXb7U2fn0pZs1eadOqxLSjEjig1i2bCx655Z5w==}
    engines: {node: '>=10'}
    cpu: [x64]
    os: [linux]
    requiresBuild: true
    dev: true
    optional: true

  /@swc/core-win32-arm64-msvc/1.2.143:
    resolution: {integrity: sha512-ehdvirsmL5yJ3J5HUcZD48VBFFiINX61FM5NTfRQgZgqGTyZo88iNTHsBmQXaEtp25y9xr6xXtKXeRGIBpuszg==}
    engines: {node: '>=10'}
    cpu: [arm64]
    os: [win32]
    requiresBuild: true
    dev: true
    optional: true

  /@swc/core-win32-ia32-msvc/1.2.143:
    resolution: {integrity: sha512-ZWENEbRo9Jbqm/3ezLGotYN7siIEYC5PoJQBi+P/Fg42xm7bUpewIbbGmizOMN0d0+OWVc2V1IFg9bbA0oZbpg==}
    engines: {node: '>=10'}
    cpu: [ia32]
    os: [win32]
    requiresBuild: true
    dev: true
    optional: true

  /@swc/core-win32-x64-msvc/1.2.143:
    resolution: {integrity: sha512-IBJ4DLOtMOAzW1+fFkdoj0e85l+CLj+Zn3jjUtdlYKroEunA3xNGci5+Ak/NRvt4lnlPlyVyw+2JXsfpnV2FCA==}
    engines: {node: '>=10'}
    cpu: [x64]
    os: [win32]
    requiresBuild: true
    dev: true
    optional: true

  /@swc/core/1.2.143:
    resolution: {integrity: sha512-kZ1OVaNS183b3nMZBDQMev/ULpF/iUcF4bwlx+Nz6GH7D9qGTTbhiN7xWkoCWjcCY1TF8Bt7z1+ddX6ibPSc8w==}
    engines: {node: '>=10'}
    optionalDependencies:
      '@swc/core-android-arm-eabi': 1.2.143
      '@swc/core-android-arm64': 1.2.143
      '@swc/core-darwin-arm64': 1.2.143
      '@swc/core-darwin-x64': 1.2.143
      '@swc/core-freebsd-x64': 1.2.143
      '@swc/core-linux-arm-gnueabihf': 1.2.143
      '@swc/core-linux-arm64-gnu': 1.2.143
      '@swc/core-linux-arm64-musl': 1.2.143
      '@swc/core-linux-x64-gnu': 1.2.143
      '@swc/core-linux-x64-musl': 1.2.143
      '@swc/core-win32-arm64-msvc': 1.2.143
      '@swc/core-win32-ia32-msvc': 1.2.143
      '@swc/core-win32-x64-msvc': 1.2.143
    dev: true

  /@types/node/17.0.18:
    resolution: {integrity: sha512-eKj4f/BsN/qcculZiRSujogjvp5O/k4lOW5m35NopjZM/QwLOR075a8pJW5hD+Rtdm2DaCVPENS6KtSQnUD6BA==}
    dev: true

  /ansi-styles/4.3.0:
    resolution: {integrity: sha512-zbB9rCJAT1rbjiVDb2hqKFHNYLxgtk8NURxZ3IZwD3F6NtxbXZQCnnSi1Lkx+IDohdPlFp222wVALIheZJQSEg==}
    engines: {node: '>=8'}
    dependencies:
      color-convert: 2.0.1
    dev: true

  /buffer-from/1.1.2:
    resolution: {integrity: sha512-E+XQCRwSbaaiChtv6k6Dwgc+bx+Bs6vuKJHHl5kox/BaKbhiXzqQOwK4cO22yElGp2OCmjwVhT3HmxgyPGnJfQ==}
    dev: true

  /chalk/4.1.2:
    resolution: {integrity: sha512-oKnbhFyRIXpUuez8iBMmyEa4nbj4IOQyuhc/wy9kY7/WVPcwIO9VA668Pu8RkO7+0G76SLROeyw9CpQ061i4mA==}
    engines: {node: '>=10'}
    dependencies:
      ansi-styles: 4.3.0
      supports-color: 7.2.0
    dev: true

  /color-convert/2.0.1:
    resolution: {integrity: sha512-RRECPsj7iu/xb5oKYcsFHSppFNnsj/52OVTRKb4zP5onXwVF3zVmmToNcOfGC+CRDpfK/U584fMg38ZHCaElKQ==}
    engines: {node: '>=7.0.0'}
    dependencies:
      color-name: 1.1.4
    dev: true

  /color-name/1.1.4:
    resolution: {integrity: sha512-dOy+3AuW3a2wNbZHIuMZpTcgjGuLU/uBL/ubcZF9OXbDo8ff4O8yVp5Bf0efS8uEoYo5q4Fx7dY9OgQGXgAsQA==}
    dev: true

  /debug/4.3.3:
    resolution: {integrity: sha512-/zxw5+vh1Tfv+4Qn7a5nsbcJKPaSvCDhojn6FEl9vupwK2VCSDtEiEtqr8DFtzYFOdz63LBkxec7DYuc2jon6Q==}
    engines: {node: '>=6.0'}
    peerDependencies:
      supports-color: '*'
    peerDependenciesMeta:
      supports-color:
        optional: true
    dependencies:
      ms: 2.1.2
    dev: true

  /dequal/2.0.2:
    resolution: {integrity: sha512-q9K8BlJVxK7hQYqa6XISGmBZbtQQWVXSrRrWreHC94rMt1QL/Impruc+7p2CYSYuVIUr+YCt6hjrs1kkdJRTug==}
    engines: {node: '>=6'}
    dev: true

  /diff/5.0.0:
    resolution: {integrity: sha512-/VTCrvm5Z0JGty/BWHljh+BAiw3IK+2j87NGMu8Nwc/f48WoDAC395uomO9ZD117ZOBaHmkX1oyLvkVM/aIT3w==}
    engines: {node: '>=0.3.1'}
    dev: true

  /has-flag/4.0.0:
    resolution: {integrity: sha512-EykJT/Q1KjTWctppgIAgfSO0tKVuZUjhgMr17kqTumMl6Afv3EISleU7qZUzoXDFTAHTDC4NOoG/ZxU3EvlMPQ==}
    engines: {node: '>=8'}
    dev: true

  /kleur/4.1.4:
    resolution: {integrity: sha512-8QADVssbrFjivHWQU7KkMgptGTl6WAcSdlbBPY4uNF+mWr6DGcKrvY2w4FQJoXch7+fKMjj0dRrL75vk3k23OA==}
    engines: {node: '>=6'}
    dev: true

  /mri/1.2.0:
    resolution: {integrity: sha512-tzzskb3bG8LvYGFF/mDTpq3jpI6Q9wc3LEmBaghu+DdCssd1FakN7Bc0hVNmEyGq1bq3RgfkCb3cmQLpNPOroA==}
    engines: {node: '>=4'}
    dev: true

  /ms/2.1.2:
    resolution: {integrity: sha512-sGkPx+VjMtmA6MX27oA4FBFELFCZZ4S4XqeGOXCv68tT+jb3vk/RyaKWP0PTKyWtmLSM0b+adUTEvbs1PEaH2w==}
    dev: true

  /pirates/4.0.5:
    resolution: {integrity: sha512-8V9+HQPupnaXMA23c5hvl69zXvTwTzyAYasnkb0Tts4XvO4CliqONMOnvlq26rkhLC3nWDFBJf73LU1e1VZLaQ==}
    engines: {node: '>= 6'}
    dev: true

  /prettier/2.5.1:
    resolution: {integrity: sha512-vBZcPRUR5MZJwoyi3ZoyQlc1rXeEck8KgeC9AwwOn+exuxLxq5toTRDTSaVrXHxelDMHy9zlicw8u66yxoSUFg==}
    engines: {node: '>=10.13.0'}
    hasBin: true
    dev: true

  /sade/1.8.1:
    resolution: {integrity: sha512-xal3CZX1Xlo/k4ApwCFrHVACi9fBqJ7V+mwhBsuf/1IOKbBy098Fex+Wa/5QMubw09pSZ/u8EY8PWgevJsXp1A==}
    engines: {node: '>=6'}
    dependencies:
      mri: 1.2.0
    dev: true

  /source-map-support/0.5.21:
    resolution: {integrity: sha512-uBHU3L3czsIyYXKX88fdrGovxdSCoTGDRZ6SYXtSRxLZUzHg5P/66Ht6uoUlHu9EZod+inXhKo3qQgwXUT/y1w==}
    dependencies:
      buffer-from: 1.1.2
      source-map: 0.6.1
    dev: true

  /source-map/0.6.1:
    resolution: {integrity: sha512-UjgapumWlbMhkBgzT7Ykc5YXUT46F0iKu8SGXq0bcwP5dz/h0Plj6enJqjz1Zbq2l5WaqYnrVbwWOWMyF3F47g==}
    engines: {node: '>=0.10.0'}
    dev: true

  /supports-color/7.2.0:
    resolution: {integrity: sha512-qpCAvRl9stuOHveKsn7HncJRvv501qIacKzQlO/+Lwxc9+0q2wLyv4Dfvt80/DPn2pqOBsJdDiogXGR9+OvwRw==}
    engines: {node: '>=8'}
    dependencies:
      has-flag: 4.0.0
    dev: true

  /tslib/2.3.1:
    resolution: {integrity: sha512-77EbyPPpMz+FRFRuAFlWMtmgUWGe9UOG2Z25NqCwiIjRhOf5iKGuzSe5P2w1laq+FkRy4p+PCuVkJSGkzTEKVw==}
    dev: true

  /typescript/4.5.5:
    resolution: {integrity: sha512-TCTIul70LyWe6IJWT8QSYeA54WQe8EjQFU4wY52Fasj5UKx88LNYKCgBEHcOMOrFF1rKGbD8v/xcNWVUq9SymA==}
    engines: {node: '>=4.2.0'}
    hasBin: true
    dev: true

  /uvu/0.5.3:
    resolution: {integrity: sha512-brFwqA3FXzilmtnIyJ+CxdkInkY/i4ErvP7uV0DnUVxQcQ55reuHphorpF+tZoVHK2MniZ/VJzI7zJQoc9T9Yw==}
    engines: {node: '>=8'}
    hasBin: true
    dependencies:
      dequal: 2.0.2
      diff: 5.0.0
      kleur: 4.1.4
      sade: 1.8.1
    dev: true
